// !$*UTF8*$!
{
	archiveVersion = 1;
	classes = {
	};
	objectVersion = 56;
	objects = {

/* Begin PBXBuildFile section */
		4D38C7AD2BAA798000048A20 /* CombineMoya in Frameworks */ = {isa = PBXBuildFile; productRef = 4D38C7AC2BAA798000048A20 /* CombineMoya */; };
		4D38C7AF2BAA798000048A20 /* Moya in Frameworks */ = {isa = PBXBuildFile; productRef = 4D38C7AE2BAA798000048A20 /* Moya */; };
		4D38C7B12BAA798000048A20 /* ReactiveMoya in Frameworks */ = {isa = PBXBuildFile; productRef = 4D38C7B02BAA798000048A20 /* ReactiveMoya */; };
		4D38C7B32BAA798000048A20 /* RxMoya in Frameworks */ = {isa = PBXBuildFile; productRef = 4D38C7B22BAA798000048A20 /* RxMoya */; };
		4D3AC5B72BB19B31008331A7 /* AuthInterceptor.swift in Sources */ = {isa = PBXBuildFile; fileRef = 4D3AC5B62BB19B31008331A7 /* AuthInterceptor.swift */; };
		4D3AC5B92BB19B87008331A7 /* TestTarget.swift in Sources */ = {isa = PBXBuildFile; fileRef = 4D3AC5B82BB19B87008331A7 /* TestTarget.swift */; };
		4D9C507F2B9F4DFB00BBF943 /* main.swift in Sources */ = {isa = PBXBuildFile; fileRef = 4D9C507E2B9F4DFB00BBF943 /* main.swift */; };
		4DA2EE872B9F506F0078CD6E /* Alamofire in Frameworks */ = {isa = PBXBuildFile; productRef = 4DA2EE862B9F506F0078CD6E /* Alamofire */; };
/* End PBXBuildFile section */

/* Begin PBXCopyFilesBuildPhase section */
		4D9C50792B9F4DFB00BBF943 /* CopyFiles */ = {
			isa = PBXCopyFilesBuildPhase;
			buildActionMask = 2147483647;
			dstPath = /usr/share/man/man1/;
			dstSubfolderSpec = 0;
			files = (
			);
			runOnlyForDeploymentPostprocessing = 1;
		};
/* End PBXCopyFilesBuildPhase section */

/* Begin PBXFileReference section */
		4D3AC5B62BB19B31008331A7 /* AuthInterceptor.swift */ = {isa = PBXFileReference; lastKnownFileType = sourcecode.swift; path = AuthInterceptor.swift; sourceTree = "<group>"; };
		4D3AC5B82BB19B87008331A7 /* TestTarget.swift */ = {isa = PBXFileReference; lastKnownFileType = sourcecode.swift; path = TestTarget.swift; sourceTree = "<group>"; };
		4D9C507B2B9F4DFB00BBF943 /* cli-playground */ = {isa = PBXFileReference; explicitFileType = "compiled.mach-o.executable"; includeInIndex = 0; path = "cli-playground"; sourceTree = BUILT_PRODUCTS_DIR; };
		4D9C507E2B9F4DFB00BBF943 /* main.swift */ = {isa = PBXFileReference; lastKnownFileType = sourcecode.swift; path = main.swift; sourceTree = "<group>"; };
/* End PBXFileReference section */

/* Begin PBXFrameworksBuildPhase section */
		4D9C50782B9F4DFB00BBF943 /* Frameworks */ = {
			isa = PBXFrameworksBuildPhase;
			buildActionMask = 2147483647;
			files = (
				4D38C7B32BAA798000048A20 /* RxMoya in Frameworks */,
				4D38C7AD2BAA798000048A20 /* CombineMoya in Frameworks */,
				4D38C7B12BAA798000048A20 /* ReactiveMoya in Frameworks */,
				4DA2EE872B9F506F0078CD6E /* Alamofire in Frameworks */,
				4D38C7AF2BAA798000048A20 /* Moya in Frameworks */,
			);
			runOnlyForDeploymentPostprocessing = 0;
		};
/* End PBXFrameworksBuildPhase section */

/* Begin PBXGroup section */
		4D9C50722B9F4DFB00BBF943 = {
			isa = PBXGroup;
			children = (
				4D9C507D2B9F4DFB00BBF943 /* cli-playground */,
				4D9C507C2B9F4DFB00BBF943 /* Products */,
			);
			sourceTree = "<group>";
		};
		4D9C507C2B9F4DFB00BBF943 /* Products */ = {
			isa = PBXGroup;
			children = (
				4D9C507B2B9F4DFB00BBF943 /* cli-playground */,
			);
			name = Products;
			sourceTree = "<group>";
		};
		4D9C507D2B9F4DFB00BBF943 /* cli-playground */ = {
			isa = PBXGroup;
			children = (
				4D9C507E2B9F4DFB00BBF943 /* main.swift */,
				4D3AC5B62BB19B31008331A7 /* AuthInterceptor.swift */,
				4D3AC5B82BB19B87008331A7 /* TestTarget.swift */,
			);
			path = "cli-playground";
			sourceTree = "<group>";
		};
/* End PBXGroup section */

/* Begin PBXNativeTarget section */
		4D9C507A2B9F4DFB00BBF943 /* cli-playground */ = {
			isa = PBXNativeTarget;
			buildConfigurationList = 4D9C50822B9F4DFB00BBF943 /* Build configuration list for PBXNativeTarget "cli-playground" */;
			buildPhases = (
				4D9C50772B9F4DFB00BBF943 /* Sources */,
				4D9C50782B9F4DFB00BBF943 /* Frameworks */,
				4D9C50792B9F4DFB00BBF943 /* CopyFiles */,
			);
			buildRules = (
			);
			dependencies = (
			);
			name = "cli-playground";
			packageProductDependencies = (
				4DA2EE862B9F506F0078CD6E /* Alamofire */,
				4D38C7AC2BAA798000048A20 /* CombineMoya */,
				4D38C7AE2BAA798000048A20 /* Moya */,
				4D38C7B02BAA798000048A20 /* ReactiveMoya */,
				4D38C7B22BAA798000048A20 /* RxMoya */,
			);
			productName = "cli-playground";
			productReference = 4D9C507B2B9F4DFB00BBF943 /* cli-playground */;
			productType = "com.apple.product-type.tool";
		};
/* End PBXNativeTarget section */

/* Begin PBXProject section */
		4D9C50732B9F4DFB00BBF943 /* Project object */ = {
			isa = PBXProject;
			attributes = {
				BuildIndependentTargetsInParallel = 1;
				LastSwiftUpdateCheck = 1520;
				LastUpgradeCheck = 1520;
				TargetAttributes = {
					4D9C507A2B9F4DFB00BBF943 = {
						CreatedOnToolsVersion = 15.2;
					};
				};
			};
			buildConfigurationList = 4D9C50762B9F4DFB00BBF943 /* Build configuration list for PBXProject "cli-playground" */;
			compatibilityVersion = "Xcode 14.0";
			developmentRegion = en;
			hasScannedForEncodings = 0;
			knownRegions = (
				en,
				Base,
			);
			mainGroup = 4D9C50722B9F4DFB00BBF943;
			packageReferences = (
				4DA2EE852B9F506F0078CD6E /* XCRemoteSwiftPackageReference "Alamofire" */,
				4D38C7AB2BAA798000048A20 /* XCRemoteSwiftPackageReference "Moya" */,
			);
			productRefGroup = 4D9C507C2B9F4DFB00BBF943 /* Products */;
			projectDirPath = "";
			projectRoot = "";
			targets = (
				4D9C507A2B9F4DFB00BBF943 /* cli-playground */,
			);
		};
/* End PBXProject section */

/* Begin PBXSourcesBuildPhase section */
		4D9C50772B9F4DFB00BBF943 /* Sources */ = {
			isa = PBXSourcesBuildPhase;
			buildActionMask = 2147483647;
			files = (
				4D9C507F2B9F4DFB00BBF943 /* main.swift in Sources */,
				4D3AC5B92BB19B87008331A7 /* TestTarget.swift in Sources */,
				4D3AC5B72BB19B31008331A7 /* AuthInterceptor.swift in Sources */,
			);
			runOnlyForDeploymentPostprocessing = 0;
		};
/* End PBXSourcesBuildPhase section */

/* Begin XCBuildConfiguration section */
		4D9C50802B9F4DFB00BBF943 /* Debug */ = {
			isa = XCBuildConfiguration;
			buildSettings = {
				ALWAYS_SEARCH_USER_PATHS = NO;
				ASSETCATALOG_COMPILER_GENERATE_SWIFT_ASSET_SYMBOL_EXTENSIONS = YES;
				CLANG_ANALYZER_NONNULL = YES;
				CLANG_ANALYZER_NUMBER_OBJECT_CONVERSION = YES_AGGRESSIVE;
				CLANG_CXX_LANGUAGE_STANDARD = "gnu++20";
				CLANG_ENABLE_MODULES = YES;
				CLANG_ENABLE_OBJC_ARC = YES;
				CLANG_ENABLE_OBJC_WEAK = YES;
				CLANG_WARN_BLOCK_CAPTURE_AUTORELEASING = YES;
				CLANG_WARN_BOOL_CONVERSION = YES;
				CLANG_WARN_COMMA = YES;
				CLANG_WARN_CONSTANT_CONVERSION = YES;
				CLANG_WARN_DEPRECATED_OBJC_IMPLEMENTATIONS = YES;
				CLANG_WARN_DIRECT_OBJC_ISA_USAGE = YES_ERROR;
				CLANG_WARN_DOCUMENTATION_COMMENTS = YES;
				CLANG_WARN_EMPTY_BODY = YES;
				CLANG_WARN_ENUM_CONVERSION = YES;
				CLANG_WARN_INFINITE_RECURSION = YES;
				CLANG_WARN_INT_CONVERSION = YES;
				CLANG_WARN_NON_LITERAL_NULL_CONVERSION = YES;
				CLANG_WARN_OBJC_IMPLICIT_RETAIN_SELF = YES;
				CLANG_WARN_OBJC_LITERAL_CONVERSION = YES;
				CLANG_WARN_OBJC_ROOT_CLASS = YES_ERROR;
				CLANG_WARN_QUOTED_INCLUDE_IN_FRAMEWORK_HEADER = YES;
				CLANG_WARN_RANGE_LOOP_ANALYSIS = YES;
				CLANG_WARN_STRICT_PROTOTYPES = YES;
				CLANG_WARN_SUSPICIOUS_MOVE = YES;
				CLANG_WARN_UNGUARDED_AVAILABILITY = YES_AGGRESSIVE;
				CLANG_WARN_UNREACHABLE_CODE = YES;
				CLANG_WARN__DUPLICATE_METHOD_MATCH = YES;
				COPY_PHASE_STRIP = NO;
				DEBUG_INFORMATION_FORMAT = dwarf;
				ENABLE_STRICT_OBJC_MSGSEND = YES;
				ENABLE_TESTABILITY = YES;
				ENABLE_USER_SCRIPT_SANDBOXING = YES;
				GCC_C_LANGUAGE_STANDARD = gnu17;
				GCC_DYNAMIC_NO_PIC = NO;
				GCC_NO_COMMON_BLOCKS = YES;
				GCC_OPTIMIZATION_LEVEL = 0;
				GCC_PREPROCESSOR_DEFINITIONS = (
					"DEBUG=1",
					"$(inherited)",
				);
				GCC_WARN_64_TO_32_BIT_CONVERSION = YES;
				GCC_WARN_ABOUT_RETURN_TYPE = YES_ERROR;
				GCC_WARN_UNDECLARED_SELECTOR = YES;
				GCC_WARN_UNINITIALIZED_AUTOS = YES_AGGRESSIVE;
				GCC_WARN_UNUSED_FUNCTION = YES;
				GCC_WARN_UNUSED_VARIABLE = YES;
				LOCALIZATION_PREFERS_STRING_CATALOGS = YES;
				MACOSX_DEPLOYMENT_TARGET = 14.0;
				MTL_ENABLE_DEBUG_INFO = INCLUDE_SOURCE;
				MTL_FAST_MATH = YES;
				ONLY_ACTIVE_ARCH = YES;
				SDKROOT = macosx;
				SWIFT_ACTIVE_COMPILATION_CONDITIONS = "DEBUG $(inherited)";
				SWIFT_OPTIMIZATION_LEVEL = "-Onone";
			};
			name = Debug;
		};
		4D9C50812B9F4DFB00BBF943 /* Release */ = {
			isa = XCBuildConfiguration;
			buildSettings = {
				ALWAYS_SEARCH_USER_PATHS = NO;
				ASSETCATALOG_COMPILER_GENERATE_SWIFT_ASSET_SYMBOL_EXTENSIONS = YES;
				CLANG_ANALYZER_NONNULL = YES;
				CLANG_ANALYZER_NUMBER_OBJECT_CONVERSION = YES_AGGRESSIVE;
				CLANG_CXX_LANGUAGE_STANDARD = "gnu++20";
				CLANG_ENABLE_MODULES = YES;
				CLANG_ENABLE_OBJC_ARC = YES;
				CLANG_ENABLE_OBJC_WEAK = YES;
				CLANG_WARN_BLOCK_CAPTURE_AUTORELEASING = YES;
				CLANG_WARN_BOOL_CONVERSION = YES;
				CLANG_WARN_COMMA = YES;
				CLANG_WARN_CONSTANT_CONVERSION = YES;
				CLANG_WARN_DEPRECATED_OBJC_IMPLEMENTATIONS = YES;
				CLANG_WARN_DIRECT_OBJC_ISA_USAGE = YES_ERROR;
				CLANG_WARN_DOCUMENTATION_COMMENTS = YES;
				CLANG_WARN_EMPTY_BODY = YES;
				CLANG_WARN_ENUM_CONVERSION = YES;
				CLANG_WARN_INFINITE_RECURSION = YES;
				CLANG_WARN_INT_CONVERSION = YES;
				CLANG_WARN_NON_LITERAL_NULL_CONVERSION = YES;
				CLANG_WARN_OBJC_IMPLICIT_RETAIN_SELF = YES;
				CLANG_WARN_OBJC_LITERAL_CONVERSION = YES;
				CLANG_WARN_OBJC_ROOT_CLASS = YES_ERROR;
				CLANG_WARN_QUOTED_INCLUDE_IN_FRAMEWORK_HEADER = YES;
				CLANG_WARN_RANGE_LOOP_ANALYSIS = YES;
				CLANG_WARN_STRICT_PROTOTYPES = YES;
				CLANG_WARN_SUSPICIOUS_MOVE = YES;
				CLANG_WARN_UNGUARDED_AVAILABILITY = YES_AGGRESSIVE;
				CLANG_WARN_UNREACHABLE_CODE = YES;
				CLANG_WARN__DUPLICATE_METHOD_MATCH = YES;
				COPY_PHASE_STRIP = NO;
				DEBUG_INFORMATION_FORMAT = "dwarf-with-dsym";
				ENABLE_NS_ASSERTIONS = NO;
				ENABLE_STRICT_OBJC_MSGSEND = YES;
				ENABLE_USER_SCRIPT_SANDBOXING = YES;
				GCC_C_LANGUAGE_STANDARD = gnu17;
				GCC_NO_COMMON_BLOCKS = YES;
				GCC_WARN_64_TO_32_BIT_CONVERSION = YES;
				GCC_WARN_ABOUT_RETURN_TYPE = YES_ERROR;
				GCC_WARN_UNDECLARED_SELECTOR = YES;
				GCC_WARN_UNINITIALIZED_AUTOS = YES_AGGRESSIVE;
				GCC_WARN_UNUSED_FUNCTION = YES;
				GCC_WARN_UNUSED_VARIABLE = YES;
				LOCALIZATION_PREFERS_STRING_CATALOGS = YES;
				MACOSX_DEPLOYMENT_TARGET = 14.0;
				MTL_ENABLE_DEBUG_INFO = NO;
				MTL_FAST_MATH = YES;
				SDKROOT = macosx;
				SWIFT_COMPILATION_MODE = wholemodule;
			};
			name = Release;
		};
		4D9C50832B9F4DFB00BBF943 /* Debug */ = {
			isa = XCBuildConfiguration;
			buildSettings = {
				CODE_SIGN_STYLE = Automatic;
				DEVELOPMENT_TEAM = B42SPPS3PR;
				ENABLE_HARDENED_RUNTIME = YES;
				PRODUCT_NAME = "$(TARGET_NAME)";
				SWIFT_VERSION = 5.0;
			};
			name = Debug;
		};
		4D9C50842B9F4DFB00BBF943 /* Release */ = {
			isa = XCBuildConfiguration;
			buildSettings = {
				CODE_SIGN_STYLE = Automatic;
				DEVELOPMENT_TEAM = B42SPPS3PR;
				ENABLE_HARDENED_RUNTIME = YES;
				PRODUCT_NAME = "$(TARGET_NAME)";
				SWIFT_VERSION = 5.0;
			};
			name = Release;
		};
/* End XCBuildConfiguration section */

/* Begin XCConfigurationList section */
		4D9C50762B9F4DFB00BBF943 /* Build configuration list for PBXProject "cli-playground" */ = {
			isa = XCConfigurationList;
			buildConfigurations = (
				4D9C50802B9F4DFB00BBF943 /* Debug */,
				4D9C50812B9F4DFB00BBF943 /* Release */,
			);
			defaultConfigurationIsVisible = 0;
			defaultConfigurationName = Release;
		};
		4D9C50822B9F4DFB00BBF943 /* Build configuration list for PBXNativeTarget "cli-playground" */ = {
			isa = XCConfigurationList;
			buildConfigurations = (
				4D9C50832B9F4DFB00BBF943 /* Debug */,
				4D9C50842B9F4DFB00BBF943 /* Release */,
			);
			defaultConfigurationIsVisible = 0;
			defaultConfigurationName = Release;
		};
/* End XCConfigurationList section */

/* Begin XCRemoteSwiftPackageReference section */
		4D38C7AB2BAA798000048A20 /* XCRemoteSwiftPackageReference "Moya" */ = {
			isa = XCRemoteSwiftPackageReference;
			repositoryURL = "https://github.com/Moya/Moya.git";
			requirement = {
				kind = upToNextMajorVersion;
				minimumVersion = 15.0.3;
			};
		};
		4DA2EE852B9F506F0078CD6E /* XCRemoteSwiftPackageReference "Alamofire" */ = {
			isa = XCRemoteSwiftPackageReference;
			repositoryURL = "https://github.com/Alamofire/Alamofire";
			requirement = {
				kind = exactVersion;
				version = 5.7.0;
			};
		};
/* End XCRemoteSwiftPackageReference section */

/* Begin XCSwiftPackageProductDependency section */
		4D38C7AC2BAA798000048A20 /* CombineMoya */ = {
			isa = XCSwiftPackageProductDependency;
			package = 4D38C7AB2BAA798000048A20 /* XCRemoteSwiftPackageReference "Moya" */;
			productName = CombineMoya;
		};
		4D38C7AE2BAA798000048A20 /* Moya */ = {
			isa = XCSwiftPackageProductDependency;
			package = 4D38C7AB2BAA798000048A20 /* XCRemoteSwiftPackageReference "Moya" */;
			productName = Moya;
		};
		4D38C7B02BAA798000048A20 /* ReactiveMoya */ = {
			isa = XCSwiftPackageProductDependency;
			package = 4D38C7AB2BAA798000048A20 /* XCRemoteSwiftPackageReference "Moya" */;
			productName = ReactiveMoya;
		};
		4D38C7B22BAA798000048A20 /* RxMoya */ = {
			isa = XCSwiftPackageProductDependency;
			package = 4D38C7AB2BAA798000048A20 /* XCRemoteSwiftPackageReference "Moya" */;
			productName = RxMoya;
		};
		4DA2EE862B9F506F0078CD6E /* Alamofire */ = {
			isa = XCSwiftPackageProductDependency;
			package = 4DA2EE852B9F506F0078CD6E /* XCRemoteSwiftPackageReference "Alamofire" */;
			productName = Alamofire;
		};
/* End XCSwiftPackageProductDependency section */
	};
	rootObject = 4D9C50732B9F4DFB00BBF943 /* Project object */;
}
