PODS:
  - SocketRocket (0.7.0)
  - StompClientLib (1.4.1):
    - SocketRocket

DEPENDENCIES:
  - StompClientLib

SPEC REPOS:
  trunk:
    - SocketRocket
    - StompClientLib

SPEC CHECKSUMS:
  SocketRocket: abac6f5de4d4d62d24e11868d7a2f427e0ef940d
  StompClientLib: ac40390e9660c574675f1c933bec81c8e2811a4f

PODFILE CHECKSUM: fab52ea80f42add6943bf13c84ce05dd429e8323

COCOAPODS: 1.15.2
