// !$*UTF8*$!
{
	archiveVersion = 1;
	classes = {
	};
	objectVersion = 56;
	objects = {

/* Begin PBXBuildFile section */
		4D19AB2E2B8CDDE800DF27BB /* AlertTest.swift in Sources */ = {isa = PBXBuildFile; fileRef = 4D19AB2D2B8CDDE800DF27BB /* AlertTest.swift */; };
		4D39B4BB2B3EB1F3001DBC24 /* swiftuitestApp.swift in Sources */ = {isa = PBXBuildFile; fileRef = 4D39B4BA2B3EB1F3001DBC24 /* swiftuitestApp.swift */; };
		4D39B4BF2B3EB1F5001DBC24 /* Assets.xcassets in Resources */ = {isa = PBXBuildFile; fileRef = 4D39B4BE2B3EB1F5001DBC24 /* Assets.xcassets */; };
		4D39B4C22B3EB1F5001DBC24 /* Preview Assets.xcassets in Resources */ = {isa = PBXBuildFile; fileRef = 4D39B4C12B3EB1F5001DBC24 /* Preview Assets.xcassets */; };
		4D5F590A2B8CEE4F006AE9E8 /* ButtonClickTest.swift in Sources */ = {isa = PBXBuildFile; fileRef = 4D5F59092B8CEE4F006AE9E8 /* ButtonClickTest.swift */; };
		4D63512B2B456FB200EF1A96 /* Alamofire in Frameworks */ = {isa = PBXBuildFile; productRef = 4D63512A2B456FB200EF1A96 /* Alamofire */; };
		4D6351762B46448C00EF1A96 /* ColorSet.swift in Sources */ = {isa = PBXBuildFile; fileRef = 4D6351752B46448C00EF1A96 /* ColorSet.swift */; };
		4D7534142B9683E600E83FF9 /* HorizontalDropdownTest.swift in Sources */ = {isa = PBXBuildFile; fileRef = 4D7534132B9683E600E83FF9 /* HorizontalDropdownTest.swift */; };
		4DEC89DE2B972967003A9403 /* OnappearTest.swift in Sources */ = {isa = PBXBuildFile; fileRef = 4DEC89DD2B972967003A9403 /* OnappearTest.swift */; };
/* End PBXBuildFile section */

/* Begin PBXFileReference section */
		4D19AB2D2B8CDDE800DF27BB /* AlertTest.swift */ = {isa = PBXFileReference; lastKnownFileType = sourcecode.swift; path = AlertTest.swift; sourceTree = "<group>"; };
		4D39B4B72B3EB1F3001DBC24 /* swiftuitest.app */ = {isa = PBXFileReference; explicitFileType = wrapper.application; includeInIndex = 0; path = swiftuitest.app; sourceTree = BUILT_PRODUCTS_DIR; };
		4D39B4BA2B3EB1F3001DBC24 /* swiftuitestApp.swift */ = {isa = PBXFileReference; lastKnownFileType = sourcecode.swift; path = swiftuitestApp.swift; sourceTree = "<group>"; };
		4D39B4BE2B3EB1F5001DBC24 /* Assets.xcassets */ = {isa = PBXFileReference; lastKnownFileType = folder.assetcatalog; path = Assets.xcassets; sourceTree = "<group>"; };
		4D39B4C12B3EB1F5001DBC24 /* Preview Assets.xcassets */ = {isa = PBXFileReference; lastKnownFileType = folder.assetcatalog; path = "Preview Assets.xcassets"; sourceTree = "<group>"; };
		4D5F59092B8CEE4F006AE9E8 /* ButtonClickTest.swift */ = {isa = PBXFileReference; lastKnownFileType = sourcecode.swift; path = ButtonClickTest.swift; sourceTree = "<group>"; };
		4D6351752B46448C00EF1A96 /* ColorSet.swift */ = {isa = PBXFileReference; lastKnownFileType = sourcecode.swift; path = ColorSet.swift; sourceTree = "<group>"; };
		4D7534132B9683E600E83FF9 /* HorizontalDropdownTest.swift */ = {isa = PBXFileReference; lastKnownFileType = sourcecode.swift; path = HorizontalDropdownTest.swift; sourceTree = "<group>"; };
		4DEC89DD2B972967003A9403 /* OnappearTest.swift */ = {isa = PBXFileReference; lastKnownFileType = sourcecode.swift; path = OnappearTest.swift; sourceTree = "<group>"; };
/* End PBXFileReference section */

/* Begin PBXFrameworksBuildPhase section */
		4D39B4B42B3EB1F3001DBC24 /* Frameworks */ = {
			isa = PBXFrameworksBuildPhase;
			buildActionMask = 2147483647;
			files = (
				4D63512B2B456FB200EF1A96 /* Alamofire in Frameworks */,
			);
			runOnlyForDeploymentPostprocessing = 0;
		};
/* End PBXFrameworksBuildPhase section */

/* Begin PBXGroup section */
		4D39B4AE2B3EB1F3001DBC24 = {
			isa = PBXGroup;
			children = (
				4D39B4B92B3EB1F3001DBC24 /* swiftuitest */,
				4D39B4B82B3EB1F3001DBC24 /* Products */,
			);
			sourceTree = "<group>";
		};
		4D39B4B82B3EB1F3001DBC24 /* Products */ = {
			isa = PBXGroup;
			children = (
				4D39B4B72B3EB1F3001DBC24 /* swiftuitest.app */,
			);
			name = Products;
			sourceTree = "<group>";
		};
		4D39B4B92B3EB1F3001DBC24 /* swiftuitest */ = {
			isa = PBXGroup;
			children = (
				4D39B4BA2B3EB1F3001DBC24 /* swiftuitestApp.swift */,
				4D39B4BE2B3EB1F5001DBC24 /* Assets.xcassets */,
				4D39B4C02B3EB1F5001DBC24 /* Preview Content */,
				4D6351752B46448C00EF1A96 /* ColorSet.swift */,
				4D19AB2D2B8CDDE800DF27BB /* AlertTest.swift */,
				4D5F59092B8CEE4F006AE9E8 /* ButtonClickTest.swift */,
				4D7534132B9683E600E83FF9 /* HorizontalDropdownTest.swift */,
				4DEC89DD2B972967003A9403 /* OnappearTest.swift */,
			);
			path = swiftuitest;
			sourceTree = "<group>";
		};
		4D39B4C02B3EB1F5001DBC24 /* Preview Content */ = {
			isa = PBXGroup;
			children = (
				4D39B4C12B3EB1F5001DBC24 /* Preview Assets.xcassets */,
			);
			path = "Preview Content";
			sourceTree = "<group>";
		};
/* End PBXGroup section */

/* Begin PBXNativeTarget section */
		4D39B4B62B3EB1F3001DBC24 /* swiftuitest */ = {
			isa = PBXNativeTarget;
			buildConfigurationList = 4D39B4C52B3EB1F5001DBC24 /* Build configuration list for PBXNativeTarget "swiftuitest" */;
			buildPhases = (
				4D39B4B32B3EB1F3001DBC24 /* Sources */,
				4D39B4B42B3EB1F3001DBC24 /* Frameworks */,
				4D39B4B52B3EB1F3001DBC24 /* Resources */,
			);
			buildRules = (
			);
			dependencies = (
			);
			name = swiftuitest;
			packageProductDependencies = (
				4D63512A2B456FB200EF1A96 /* Alamofire */,
			);
			productName = swiftuitest;
			productReference = 4D39B4B72B3EB1F3001DBC24 /* swiftuitest.app */;
			productType = "com.apple.product-type.application";
		};
/* End PBXNativeTarget section */

/* Begin PBXProject section */
		4D39B4AF2B3EB1F3001DBC24 /* Project object */ = {
			isa = PBXProject;
			attributes = {
				BuildIndependentTargetsInParallel = 1;
				LastSwiftUpdateCheck = 1510;
				LastUpgradeCheck = 1510;
				TargetAttributes = {
					4D39B4B62B3EB1F3001DBC24 = {
						CreatedOnToolsVersion = 15.1;
					};
				};
			};
			buildConfigurationList = 4D39B4B22B3EB1F3001DBC24 /* Build configuration list for PBXProject "swiftuitest" */;
			compatibilityVersion = "Xcode 14.0";
			developmentRegion = en;
			hasScannedForEncodings = 0;
			knownRegions = (
				en,
				Base,
			);
			mainGroup = 4D39B4AE2B3EB1F3001DBC24;
			packageReferences = (
				4D6351292B456FB200EF1A96 /* XCRemoteSwiftPackageReference "Alamofire" */,
			);
			productRefGroup = 4D39B4B82B3EB1F3001DBC24 /* Products */;
			projectDirPath = "";
			projectRoot = "";
			targets = (
				4D39B4B62B3EB1F3001DBC24 /* swiftuitest */,
			);
		};
/* End PBXProject section */

/* Begin PBXResourcesBuildPhase section */
		4D39B4B52B3EB1F3001DBC24 /* Resources */ = {
			isa = PBXResourcesBuildPhase;
			buildActionMask = 2147483647;
			files = (
				4D39B4C22B3EB1F5001DBC24 /* Preview Assets.xcassets in Resources */,
				4D39B4BF2B3EB1F5001DBC24 /* Assets.xcassets in Resources */,
			);
			runOnlyForDeploymentPostprocessing = 0;
		};
/* End PBXResourcesBuildPhase section */

/* Begin PBXSourcesBuildPhase section */
		4D39B4B32B3EB1F3001DBC24 /* Sources */ = {
			isa = PBXSourcesBuildPhase;
			buildActionMask = 2147483647;
			files = (
				4D6351762B46448C00EF1A96 /* ColorSet.swift in Sources */,
				4D39B4BB2B3EB1F3001DBC24 /* swiftuitestApp.swift in Sources */,
				4D7534142B9683E600E83FF9 /* HorizontalDropdownTest.swift in Sources */,
				4DEC89DE2B972967003A9403 /* OnappearTest.swift in Sources */,
				4D5F590A2B8CEE4F006AE9E8 /* ButtonClickTest.swift in Sources */,
				4D19AB2E2B8CDDE800DF27BB /* AlertTest.swift in Sources */,
			);
			runOnlyForDeploymentPostprocessing = 0;
		};
/* End PBXSourcesBuildPhase section */

/* Begin XCBuildConfiguration section */
		4D39B4C32B3EB1F5001DBC24 /* Debug */ = {
			isa = XCBuildConfiguration;
			buildSettings = {
				ALWAYS_SEARCH_USER_PATHS = NO;
				ASSETCATALOG_COMPILER_GENERATE_SWIFT_ASSET_SYMBOL_EXTENSIONS = YES;
				CLANG_ANALYZER_NONNULL = YES;
				CLANG_ANALYZER_NUMBER_OBJECT_CONVERSION = YES_AGGRESSIVE;
				CLANG_CXX_LANGUAGE_STANDARD = "gnu++20";
				CLANG_ENABLE_MODULES = YES;
				CLANG_ENABLE_OBJC_ARC = YES;
				CLANG_ENABLE_OBJC_WEAK = YES;
				CLANG_WARN_BLOCK_CAPTURE_AUTORELEASING = YES;
				CLANG_WARN_BOOL_CONVERSION = YES;
				CLANG_WARN_COMMA = YES;
				CLANG_WARN_CONSTANT_CONVERSION = YES;
				CLANG_WARN_DEPRECATED_OBJC_IMPLEMENTATIONS = YES;
				CLANG_WARN_DIRECT_OBJC_ISA_USAGE = YES_ERROR;
				CLANG_WARN_DOCUMENTATION_COMMENTS = YES;
				CLANG_WARN_EMPTY_BODY = YES;
				CLANG_WARN_ENUM_CONVERSION = YES;
				CLANG_WARN_INFINITE_RECURSION = YES;
				CLANG_WARN_INT_CONVERSION = YES;
				CLANG_WARN_NON_LITERAL_NULL_CONVERSION = YES;
				CLANG_WARN_OBJC_IMPLICIT_RETAIN_SELF = YES;
				CLANG_WARN_OBJC_LITERAL_CONVERSION = YES;
				CLANG_WARN_OBJC_ROOT_CLASS = YES_ERROR;
				CLANG_WARN_QUOTED_INCLUDE_IN_FRAMEWORK_HEADER = YES;
				CLANG_WARN_RANGE_LOOP_ANALYSIS = YES;
				CLANG_WARN_STRICT_PROTOTYPES = YES;
				CLANG_WARN_SUSPICIOUS_MOVE = YES;
				CLANG_WARN_UNGUARDED_AVAILABILITY = YES_AGGRESSIVE;
				CLANG_WARN_UNREACHABLE_CODE = YES;
				CLANG_WARN__DUPLICATE_METHOD_MATCH = YES;
				COPY_PHASE_STRIP = NO;
				DEBUG_INFORMATION_FORMAT = dwarf;
				ENABLE_STRICT_OBJC_MSGSEND = YES;
				ENABLE_TESTABILITY = YES;
				ENABLE_USER_SCRIPT_SANDBOXING = YES;
				GCC_C_LANGUAGE_STANDARD = gnu17;
				GCC_DYNAMIC_NO_PIC = NO;
				GCC_NO_COMMON_BLOCKS = YES;
				GCC_OPTIMIZATION_LEVEL = 0;
				GCC_PREPROCESSOR_DEFINITIONS = (
					"DEBUG=1",
					"$(inherited)",
				);
				GCC_WARN_64_TO_32_BIT_CONVERSION = YES;
				GCC_WARN_ABOUT_RETURN_TYPE = YES_ERROR;
				GCC_WARN_UNDECLARED_SELECTOR = YES;
				GCC_WARN_UNINITIALIZED_AUTOS = YES_AGGRESSIVE;
				GCC_WARN_UNUSED_FUNCTION = YES;
				GCC_WARN_UNUSED_VARIABLE = YES;
				IPHONEOS_DEPLOYMENT_TARGET = 16.4;
				LOCALIZATION_PREFERS_STRING_CATALOGS = YES;
				MTL_ENABLE_DEBUG_INFO = INCLUDE_SOURCE;
				MTL_FAST_MATH = YES;
				ONLY_ACTIVE_ARCH = YES;
				SDKROOT = iphoneos;
				SWIFT_ACTIVE_COMPILATION_CONDITIONS = "DEBUG $(inherited)";
				SWIFT_OPTIMIZATION_LEVEL = "-Onone";
			};
			name = Debug;
		};
		4D39B4C42B3EB1F5001DBC24 /* Release */ = {
			isa = XCBuildConfiguration;
			buildSettings = {
				ALWAYS_SEARCH_USER_PATHS = NO;
				ASSETCATALOG_COMPILER_GENERATE_SWIFT_ASSET_SYMBOL_EXTENSIONS = YES;
				CLANG_ANALYZER_NONNULL = YES;
				CLANG_ANALYZER_NUMBER_OBJECT_CONVERSION = YES_AGGRESSIVE;
				CLANG_CXX_LANGUAGE_STANDARD = "gnu++20";
				CLANG_ENABLE_MODULES = YES;
				CLANG_ENABLE_OBJC_ARC = YES;
				CLANG_ENABLE_OBJC_WEAK = YES;
				CLANG_WARN_BLOCK_CAPTURE_AUTORELEASING = YES;
				CLANG_WARN_BOOL_CONVERSION = YES;
				CLANG_WARN_COMMA = YES;
				CLANG_WARN_CONSTANT_CONVERSION = YES;
				CLANG_WARN_DEPRECATED_OBJC_IMPLEMENTATIONS = YES;
				CLANG_WARN_DIRECT_OBJC_ISA_USAGE = YES_ERROR;
				CLANG_WARN_DOCUMENTATION_COMMENTS = YES;
				CLANG_WARN_EMPTY_BODY = YES;
				CLANG_WARN_ENUM_CONVERSION = YES;
				CLANG_WARN_INFINITE_RECURSION = YES;
				CLANG_WARN_INT_CONVERSION = YES;
				CLANG_WARN_NON_LITERAL_NULL_CONVERSION = YES;
				CLANG_WARN_OBJC_IMPLICIT_RETAIN_SELF = YES;
				CLANG_WARN_OBJC_LITERAL_CONVERSION = YES;
				CLANG_WARN_OBJC_ROOT_CLASS = YES_ERROR;
				CLANG_WARN_QUOTED_INCLUDE_IN_FRAMEWORK_HEADER = YES;
				CLANG_WARN_RANGE_LOOP_ANALYSIS = YES;
				CLANG_WARN_STRICT_PROTOTYPES = YES;
				CLANG_WARN_SUSPICIOUS_MOVE = YES;
				CLANG_WARN_UNGUARDED_AVAILABILITY = YES_AGGRESSIVE;
				CLANG_WARN_UNREACHABLE_CODE = YES;
				CLANG_WARN__DUPLICATE_METHOD_MATCH = YES;
				COPY_PHASE_STRIP = NO;
				DEBUG_INFORMATION_FORMAT = "dwarf-with-dsym";
				ENABLE_NS_ASSERTIONS = NO;
				ENABLE_STRICT_OBJC_MSGSEND = YES;
				ENABLE_USER_SCRIPT_SANDBOXING = YES;
				GCC_C_LANGUAGE_STANDARD = gnu17;
				GCC_NO_COMMON_BLOCKS = YES;
				GCC_WARN_64_TO_32_BIT_CONVERSION = YES;
				GCC_WARN_ABOUT_RETURN_TYPE = YES_ERROR;
				GCC_WARN_UNDECLARED_SELECTOR = YES;
				GCC_WARN_UNINITIALIZED_AUTOS = YES_AGGRESSIVE;
				GCC_WARN_UNUSED_FUNCTION = YES;
				GCC_WARN_UNUSED_VARIABLE = YES;
				IPHONEOS_DEPLOYMENT_TARGET = 16.4;
				LOCALIZATION_PREFERS_STRING_CATALOGS = YES;
				MTL_ENABLE_DEBUG_INFO = NO;
				MTL_FAST_MATH = YES;
				SDKROOT = iphoneos;
				SWIFT_COMPILATION_MODE = wholemodule;
				VALIDATE_PRODUCT = YES;
			};
			name = Release;
		};
		4D39B4C62B3EB1F5001DBC24 /* Debug */ = {
			isa = XCBuildConfiguration;
			buildSettings = {
				ASSETCATALOG_COMPILER_APPICON_NAME = AppIcon;
				ASSETCATALOG_COMPILER_GLOBAL_ACCENT_COLOR_NAME = AccentColor;
				CODE_SIGN_STYLE = Automatic;
				CURRENT_PROJECT_VERSION = 1;
				DEVELOPMENT_ASSET_PATHS = "\"swiftuitest/Preview Content\"";
				DEVELOPMENT_TEAM = B42SPPS3PR;
				ENABLE_PREVIEWS = YES;
				GENERATE_INFOPLIST_FILE = YES;
				INFOPLIST_KEY_UIApplicationSceneManifest_Generation = YES;
				INFOPLIST_KEY_UIApplicationSupportsIndirectInputEvents = YES;
				INFOPLIST_KEY_UILaunchScreen_Generation = YES;
				INFOPLIST_KEY_UISupportedInterfaceOrientations_iPad = "UIInterfaceOrientationPortrait UIInterfaceOrientationPortraitUpsideDown UIInterfaceOrientationLandscapeLeft UIInterfaceOrientationLandscapeRight";
				INFOPLIST_KEY_UISupportedInterfaceOrientations_iPhone = "UIInterfaceOrientationPortrait UIInterfaceOrientationLandscapeLeft UIInterfaceOrientationLandscapeRight";
				LD_RUNPATH_SEARCH_PATHS = (
					"$(inherited)",
					"@executable_path/Frameworks",
				);
				MARKETING_VERSION = 1.0;
				PRODUCT_BUNDLE_IDENTIFIER = com.bestswlkh0310.swiftuitest;
				PRODUCT_NAME = "$(TARGET_NAME)";
				SWIFT_EMIT_LOC_STRINGS = YES;
				SWIFT_VERSION = 5.0;
				TARGETED_DEVICE_FAMILY = "1,2";
			};
			name = Debug;
		};
		4D39B4C72B3EB1F5001DBC24 /* Release */ = {
			isa = XCBuildConfiguration;
			buildSettings = {
				ASSETCATALOG_COMPILER_APPICON_NAME = AppIcon;
				ASSETCATALOG_COMPILER_GLOBAL_ACCENT_COLOR_NAME = AccentColor;
				CODE_SIGN_STYLE = Automatic;
				CURRENT_PROJECT_VERSION = 1;
				DEVELOPMENT_ASSET_PATHS = "\"swiftuitest/Preview Content\"";
				DEVELOPMENT_TEAM = B42SPPS3PR;
				ENABLE_PREVIEWS = YES;
				GENERATE_INFOPLIST_FILE = YES;
				INFOPLIST_KEY_UIApplicationSceneManifest_Generation = YES;
				INFOPLIST_KEY_UIApplicationSupportsIndirectInputEvents = YES;
				INFOPLIST_KEY_UILaunchScreen_Generation = YES;
				INFOPLIST_KEY_UISupportedInterfaceOrientations_iPad = "UIInterfaceOrientationPortrait UIInterfaceOrientationPortraitUpsideDown UIInterfaceOrientationLandscapeLeft UIInterfaceOrientationLandscapeRight";
				INFOPLIST_KEY_UISupportedInterfaceOrientations_iPhone = "UIInterfaceOrientationPortrait UIInterfaceOrientationLandscapeLeft UIInterfaceOrientationLandscapeRight";
				LD_RUNPATH_SEARCH_PATHS = (
					"$(inherited)",
					"@executable_path/Frameworks",
				);
				MARKETING_VERSION = 1.0;
				PRODUCT_BUNDLE_IDENTIFIER = com.bestswlkh0310.swiftuitest;
				PRODUCT_NAME = "$(TARGET_NAME)";
				SWIFT_EMIT_LOC_STRINGS = YES;
				SWIFT_VERSION = 5.0;
				TARGETED_DEVICE_FAMILY = "1,2";
			};
			name = Release;
		};
/* End XCBuildConfiguration section */

/* Begin XCConfigurationList section */
		4D39B4B22B3EB1F3001DBC24 /* Build configuration list for PBXProject "swiftuitest" */ = {
			isa = XCConfigurationList;
			buildConfigurations = (
				4D39B4C32B3EB1F5001DBC24 /* Debug */,
				4D39B4C42B3EB1F5001DBC24 /* Release */,
			);
			defaultConfigurationIsVisible = 0;
			defaultConfigurationName = Release;
		};
		4D39B4C52B3EB1F5001DBC24 /* Build configuration list for PBXNativeTarget "swiftuitest" */ = {
			isa = XCConfigurationList;
			buildConfigurations = (
				4D39B4C62B3EB1F5001DBC24 /* Debug */,
				4D39B4C72B3EB1F5001DBC24 /* Release */,
			);
			defaultConfigurationIsVisible = 0;
			defaultConfigurationName = Release;
		};
/* End XCConfigurationList section */

/* Begin XCRemoteSwiftPackageReference section */
		4D6351292B456FB200EF1A96 /* XCRemoteSwiftPackageReference "Alamofire" */ = {
			isa = XCRemoteSwiftPackageReference;
			repositoryURL = "https://github.com/Alamofire/Alamofire";
			requirement = {
				kind = upToNextMajorVersion;
				minimumVersion = 5.8.1;
			};
		};
/* End XCRemoteSwiftPackageReference section */

/* Begin XCSwiftPackageProductDependency section */
		4D63512A2B456FB200EF1A96 /* Alamofire */ = {
			isa = XCSwiftPackageProductDependency;
			package = 4D6351292B456FB200EF1A96 /* XCRemoteSwiftPackageReference "Alamofire" */;
			productName = Alamofire;
		};
/* End XCSwiftPackageProductDependency section */
	};
	rootObject = 4D39B4AF2B3EB1F3001DBC24 /* Project object */;
}
