// !$*UTF8*$!
{
	archiveVersion = 1;
	classes = {
	};
	objectVersion = 56;
	objects = {

/* Begin PBXBuildFile section */
		4DD8CA802AAF2FD400CBC79F /* i09_enum_practiceApp.swift in Sources */ = {isa = PBXBuildFile; fileRef = 4DD8CA7F2AAF2FD400CBC79F /* i09_enum_practiceApp.swift */; };
		4DD8CA822AAF2FD400CBC79F /* ContentView.swift in Sources */ = {isa = PBXBuildFile; fileRef = 4DD8CA812AAF2FD400CBC79F /* ContentView.swift */; };
		4DD8CA842AAF2FD500CBC79F /* Assets.xcassets in Resources */ = {isa = PBXBuildFile; fileRef = 4DD8CA832AAF2FD500CBC79F /* Assets.xcassets */; };
		4DD8CA872AAF2FD500CBC79F /* Preview Assets.xcassets in Resources */ = {isa = PBXBuildFile; fileRef = 4DD8CA862AAF2FD500CBC79F /* Preview Assets.xcassets */; };
		4DD8CA912AAF2FD500CBC79F /* i09_enum_practiceTests.swift in Sources */ = {isa = PBXBuildFile; fileRef = 4DD8CA902AAF2FD500CBC79F /* i09_enum_practiceTests.swift */; };
		4DD8CA9B2AAF2FD500CBC79F /* i09_enum_practiceUITests.swift in Sources */ = {isa = PBXBuildFile; fileRef = 4DD8CA9A2AAF2FD500CBC79F /* i09_enum_practiceUITests.swift */; };
		4DD8CA9D2AAF2FD500CBC79F /* i09_enum_practiceUITestsLaunchTests.swift in Sources */ = {isa = PBXBuildFile; fileRef = 4DD8CA9C2AAF2FD500CBC79F /* i09_enum_practiceUITestsLaunchTests.swift */; };
/* End PBXBuildFile section */

/* Begin PBXContainerItemProxy section */
		4DD8CA8D2AAF2FD500CBC79F /* PBXContainerItemProxy */ = {
			isa = PBXContainerItemProxy;
			containerPortal = 4DD8CA742AAF2FD400CBC79F /* Project object */;
			proxyType = 1;
			remoteGlobalIDString = 4DD8CA7B2AAF2FD400CBC79F;
			remoteInfo = i09_enum_practice;
		};
		4DD8CA972AAF2FD500CBC79F /* PBXContainerItemProxy */ = {
			isa = PBXContainerItemProxy;
			containerPortal = 4DD8CA742AAF2FD400CBC79F /* Project object */;
			proxyType = 1;
			remoteGlobalIDString = 4DD8CA7B2AAF2FD400CBC79F;
			remoteInfo = i09_enum_practice;
		};
/* End PBXContainerItemProxy section */

/* Begin PBXFileReference section */
		4DD8CA7C2AAF2FD400CBC79F /* i09_enum_practice.app */ = {isa = PBXFileReference; explicitFileType = wrapper.application; includeInIndex = 0; path = i09_enum_practice.app; sourceTree = BUILT_PRODUCTS_DIR; };
		4DD8CA7F2AAF2FD400CBC79F /* i09_enum_practiceApp.swift */ = {isa = PBXFileReference; lastKnownFileType = sourcecode.swift; path = i09_enum_practiceApp.swift; sourceTree = "<group>"; };
		4DD8CA812AAF2FD400CBC79F /* ContentView.swift */ = {isa = PBXFileReference; lastKnownFileType = sourcecode.swift; path = ContentView.swift; sourceTree = "<group>"; };
		4DD8CA832AAF2FD500CBC79F /* Assets.xcassets */ = {isa = PBXFileReference; lastKnownFileType = folder.assetcatalog; path = Assets.xcassets; sourceTree = "<group>"; };
		4DD8CA862AAF2FD500CBC79F /* Preview Assets.xcassets */ = {isa = PBXFileReference; lastKnownFileType = folder.assetcatalog; path = "Preview Assets.xcassets"; sourceTree = "<group>"; };
		4DD8CA8C2AAF2FD500CBC79F /* i09_enum_practiceTests.xctest */ = {isa = PBXFileReference; explicitFileType = wrapper.cfbundle; includeInIndex = 0; path = i09_enum_practiceTests.xctest; sourceTree = BUILT_PRODUCTS_DIR; };
		4DD8CA902AAF2FD500CBC79F /* i09_enum_practiceTests.swift */ = {isa = PBXFileReference; lastKnownFileType = sourcecode.swift; path = i09_enum_practiceTests.swift; sourceTree = "<group>"; };
		4DD8CA962AAF2FD500CBC79F /* i09_enum_practiceUITests.xctest */ = {isa = PBXFileReference; explicitFileType = wrapper.cfbundle; includeInIndex = 0; path = i09_enum_practiceUITests.xctest; sourceTree = BUILT_PRODUCTS_DIR; };
		4DD8CA9A2AAF2FD500CBC79F /* i09_enum_practiceUITests.swift */ = {isa = PBXFileReference; lastKnownFileType = sourcecode.swift; path = i09_enum_practiceUITests.swift; sourceTree = "<group>"; };
		4DD8CA9C2AAF2FD500CBC79F /* i09_enum_practiceUITestsLaunchTests.swift */ = {isa = PBXFileReference; lastKnownFileType = sourcecode.swift; path = i09_enum_practiceUITestsLaunchTests.swift; sourceTree = "<group>"; };
/* End PBXFileReference section */

/* Begin PBXFrameworksBuildPhase section */
		4DD8CA792AAF2FD400CBC79F /* Frameworks */ = {
			isa = PBXFrameworksBuildPhase;
			buildActionMask = 2147483647;
			files = (
			);
			runOnlyForDeploymentPostprocessing = 0;
		};
		4DD8CA892AAF2FD500CBC79F /* Frameworks */ = {
			isa = PBXFrameworksBuildPhase;
			buildActionMask = 2147483647;
			files = (
			);
			runOnlyForDeploymentPostprocessing = 0;
		};
		4DD8CA932AAF2FD500CBC79F /* Frameworks */ = {
			isa = PBXFrameworksBuildPhase;
			buildActionMask = 2147483647;
			files = (
			);
			runOnlyForDeploymentPostprocessing = 0;
		};
/* End PBXFrameworksBuildPhase section */

/* Begin PBXGroup section */
		4DD8CA732AAF2FD400CBC79F = {
			isa = PBXGroup;
			children = (
				4DD8CA7E2AAF2FD400CBC79F /* i09_enum_practice */,
				4DD8CA8F2AAF2FD500CBC79F /* i09_enum_practiceTests */,
				4DD8CA992AAF2FD500CBC79F /* i09_enum_practiceUITests */,
				4DD8CA7D2AAF2FD400CBC79F /* Products */,
			);
			sourceTree = "<group>";
		};
		4DD8CA7D2AAF2FD400CBC79F /* Products */ = {
			isa = PBXGroup;
			children = (
				4DD8CA7C2AAF2FD400CBC79F /* i09_enum_practice.app */,
				4DD8CA8C2AAF2FD500CBC79F /* i09_enum_practiceTests.xctest */,
				4DD8CA962AAF2FD500CBC79F /* i09_enum_practiceUITests.xctest */,
			);
			name = Products;
			sourceTree = "<group>";
		};
		4DD8CA7E2AAF2FD400CBC79F /* i09_enum_practice */ = {
			isa = PBXGroup;
			children = (
				4DD8CA7F2AAF2FD400CBC79F /* i09_enum_practiceApp.swift */,
				4DD8CA812AAF2FD400CBC79F /* ContentView.swift */,
				4DD8CA832AAF2FD500CBC79F /* Assets.xcassets */,
				4DD8CA852AAF2FD500CBC79F /* Preview Content */,
			);
			path = i09_enum_practice;
			sourceTree = "<group>";
		};
		4DD8CA852AAF2FD500CBC79F /* Preview Content */ = {
			isa = PBXGroup;
			children = (
				4DD8CA862AAF2FD500CBC79F /* Preview Assets.xcassets */,
			);
			path = "Preview Content";
			sourceTree = "<group>";
		};
		4DD8CA8F2AAF2FD500CBC79F /* i09_enum_practiceTests */ = {
			isa = PBXGroup;
			children = (
				4DD8CA902AAF2FD500CBC79F /* i09_enum_practiceTests.swift */,
			);
			path = i09_enum_practiceTests;
			sourceTree = "<group>";
		};
		4DD8CA992AAF2FD500CBC79F /* i09_enum_practiceUITests */ = {
			isa = PBXGroup;
			children = (
				4DD8CA9A2AAF2FD500CBC79F /* i09_enum_practiceUITests.swift */,
				4DD8CA9C2AAF2FD500CBC79F /* i09_enum_practiceUITestsLaunchTests.swift */,
			);
			path = i09_enum_practiceUITests;
			sourceTree = "<group>";
		};
/* End PBXGroup section */

/* Begin PBXNativeTarget section */
		4DD8CA7B2AAF2FD400CBC79F /* i09_enum_practice */ = {
			isa = PBXNativeTarget;
			buildConfigurationList = 4DD8CAA02AAF2FD500CBC79F /* Build configuration list for PBXNativeTarget "i09_enum_practice" */;
			buildPhases = (
				4DD8CA782AAF2FD400CBC79F /* Sources */,
				4DD8CA792AAF2FD400CBC79F /* Frameworks */,
				4DD8CA7A2AAF2FD400CBC79F /* Resources */,
			);
			buildRules = (
			);
			dependencies = (
			);
			name = i09_enum_practice;
			productName = i09_enum_practice;
			productReference = 4DD8CA7C2AAF2FD400CBC79F /* i09_enum_practice.app */;
			productType = "com.apple.product-type.application";
		};
		4DD8CA8B2AAF2FD500CBC79F /* i09_enum_practiceTests */ = {
			isa = PBXNativeTarget;
			buildConfigurationList = 4DD8CAA32AAF2FD500CBC79F /* Build configuration list for PBXNativeTarget "i09_enum_practiceTests" */;
			buildPhases = (
				4DD8CA882AAF2FD500CBC79F /* Sources */,
				4DD8CA892AAF2FD500CBC79F /* Frameworks */,
				4DD8CA8A2AAF2FD500CBC79F /* Resources */,
			);
			buildRules = (
			);
			dependencies = (
				4DD8CA8E2AAF2FD500CBC79F /* PBXTargetDependency */,
			);
			name = i09_enum_practiceTests;
			productName = i09_enum_practiceTests;
			productReference = 4DD8CA8C2AAF2FD500CBC79F /* i09_enum_practiceTests.xctest */;
			productType = "com.apple.product-type.bundle.unit-test";
		};
		4DD8CA952AAF2FD500CBC79F /* i09_enum_practiceUITests */ = {
			isa = PBXNativeTarget;
			buildConfigurationList = 4DD8CAA62AAF2FD500CBC79F /* Build configuration list for PBXNativeTarget "i09_enum_practiceUITests" */;
			buildPhases = (
				4DD8CA922AAF2FD500CBC79F /* Sources */,
				4DD8CA932AAF2FD500CBC79F /* Frameworks */,
				4DD8CA942AAF2FD500CBC79F /* Resources */,
			);
			buildRules = (
			);
			dependencies = (
				4DD8CA982AAF2FD500CBC79F /* PBXTargetDependency */,
			);
			name = i09_enum_practiceUITests;
			productName = i09_enum_practiceUITests;
			productReference = 4DD8CA962AAF2FD500CBC79F /* i09_enum_practiceUITests.xctest */;
			productType = "com.apple.product-type.bundle.ui-testing";
		};
/* End PBXNativeTarget section */

/* Begin PBXProject section */
		4DD8CA742AAF2FD400CBC79F /* Project object */ = {
			isa = PBXProject;
			attributes = {
				BuildIndependentTargetsInParallel = 1;
				LastSwiftUpdateCheck = 1430;
				LastUpgradeCheck = 1430;
				TargetAttributes = {
					4DD8CA7B2AAF2FD400CBC79F = {
						CreatedOnToolsVersion = 14.3.1;
					};
					4DD8CA8B2AAF2FD500CBC79F = {
						CreatedOnToolsVersion = 14.3.1;
						TestTargetID = 4DD8CA7B2AAF2FD400CBC79F;
					};
					4DD8CA952AAF2FD500CBC79F = {
						CreatedOnToolsVersion = 14.3.1;
						TestTargetID = 4DD8CA7B2AAF2FD400CBC79F;
					};
				};
			};
			buildConfigurationList = 4DD8CA772AAF2FD400CBC79F /* Build configuration list for PBXProject "i09_enum_practice" */;
			compatibilityVersion = "Xcode 14.0";
			developmentRegion = en;
			hasScannedForEncodings = 0;
			knownRegions = (
				en,
				Base,
			);
			mainGroup = 4DD8CA732AAF2FD400CBC79F;
			productRefGroup = 4DD8CA7D2AAF2FD400CBC79F /* Products */;
			projectDirPath = "";
			projectRoot = "";
			targets = (
				4DD8CA7B2AAF2FD400CBC79F /* i09_enum_practice */,
				4DD8CA8B2AAF2FD500CBC79F /* i09_enum_practiceTests */,
				4DD8CA952AAF2FD500CBC79F /* i09_enum_practiceUITests */,
			);
		};
/* End PBXProject section */

/* Begin PBXResourcesBuildPhase section */
		4DD8CA7A2AAF2FD400CBC79F /* Resources */ = {
			isa = PBXResourcesBuildPhase;
			buildActionMask = 2147483647;
			files = (
				4DD8CA872AAF2FD500CBC79F /* Preview Assets.xcassets in Resources */,
				4DD8CA842AAF2FD500CBC79F /* Assets.xcassets in Resources */,
			);
			runOnlyForDeploymentPostprocessing = 0;
		};
		4DD8CA8A2AAF2FD500CBC79F /* Resources */ = {
			isa = PBXResourcesBuildPhase;
			buildActionMask = 2147483647;
			files = (
			);
			runOnlyForDeploymentPostprocessing = 0;
		};
		4DD8CA942AAF2FD500CBC79F /* Resources */ = {
			isa = PBXResourcesBuildPhase;
			buildActionMask = 2147483647;
			files = (
			);
			runOnlyForDeploymentPostprocessing = 0;
		};
/* End PBXResourcesBuildPhase section */

/* Begin PBXSourcesBuildPhase section */
		4DD8CA782AAF2FD400CBC79F /* Sources */ = {
			isa = PBXSourcesBuildPhase;
			buildActionMask = 2147483647;
			files = (
				4DD8CA822AAF2FD400CBC79F /* ContentView.swift in Sources */,
				4DD8CA802AAF2FD400CBC79F /* i09_enum_practiceApp.swift in Sources */,
			);
			runOnlyForDeploymentPostprocessing = 0;
		};
		4DD8CA882AAF2FD500CBC79F /* Sources */ = {
			isa = PBXSourcesBuildPhase;
			buildActionMask = 2147483647;
			files = (
				4DD8CA912AAF2FD500CBC79F /* i09_enum_practiceTests.swift in Sources */,
			);
			runOnlyForDeploymentPostprocessing = 0;
		};
		4DD8CA922AAF2FD500CBC79F /* Sources */ = {
			isa = PBXSourcesBuildPhase;
			buildActionMask = 2147483647;
			files = (
				4DD8CA9B2AAF2FD500CBC79F /* i09_enum_practiceUITests.swift in Sources */,
				4DD8CA9D2AAF2FD500CBC79F /* i09_enum_practiceUITestsLaunchTests.swift in Sources */,
			);
			runOnlyForDeploymentPostprocessing = 0;
		};
/* End PBXSourcesBuildPhase section */

/* Begin PBXTargetDependency section */
		4DD8CA8E2AAF2FD500CBC79F /* PBXTargetDependency */ = {
			isa = PBXTargetDependency;
			target = 4DD8CA7B2AAF2FD400CBC79F /* i09_enum_practice */;
			targetProxy = 4DD8CA8D2AAF2FD500CBC79F /* PBXContainerItemProxy */;
		};
		4DD8CA982AAF2FD500CBC79F /* PBXTargetDependency */ = {
			isa = PBXTargetDependency;
			target = 4DD8CA7B2AAF2FD400CBC79F /* i09_enum_practice */;
			targetProxy = 4DD8CA972AAF2FD500CBC79F /* PBXContainerItemProxy */;
		};
/* End PBXTargetDependency section */

/* Begin XCBuildConfiguration section */
		4DD8CA9E2AAF2FD500CBC79F /* Debug */ = {
			isa = XCBuildConfiguration;
			buildSettings = {
				ALWAYS_SEARCH_USER_PATHS = NO;
				CLANG_ANALYZER_NONNULL = YES;
				CLANG_ANALYZER_NUMBER_OBJECT_CONVERSION = YES_AGGRESSIVE;
				CLANG_CXX_LANGUAGE_STANDARD = "gnu++20";
				CLANG_ENABLE_MODULES = YES;
				CLANG_ENABLE_OBJC_ARC = YES;
				CLANG_ENABLE_OBJC_WEAK = YES;
				CLANG_WARN_BLOCK_CAPTURE_AUTORELEASING = YES;
				CLANG_WARN_BOOL_CONVERSION = YES;
				CLANG_WARN_COMMA = YES;
				CLANG_WARN_CONSTANT_CONVERSION = YES;
				CLANG_WARN_DEPRECATED_OBJC_IMPLEMENTATIONS = YES;
				CLANG_WARN_DIRECT_OBJC_ISA_USAGE = YES_ERROR;
				CLANG_WARN_DOCUMENTATION_COMMENTS = YES;
				CLANG_WARN_EMPTY_BODY = YES;
				CLANG_WARN_ENUM_CONVERSION = YES;
				CLANG_WARN_INFINITE_RECURSION = YES;
				CLANG_WARN_INT_CONVERSION = YES;
				CLANG_WARN_NON_LITERAL_NULL_CONVERSION = YES;
				CLANG_WARN_OBJC_IMPLICIT_RETAIN_SELF = YES;
				CLANG_WARN_OBJC_LITERAL_CONVERSION = YES;
				CLANG_WARN_OBJC_ROOT_CLASS = YES_ERROR;
				CLANG_WARN_QUOTED_INCLUDE_IN_FRAMEWORK_HEADER = YES;
				CLANG_WARN_RANGE_LOOP_ANALYSIS = YES;
				CLANG_WARN_STRICT_PROTOTYPES = YES;
				CLANG_WARN_SUSPICIOUS_MOVE = YES;
				CLANG_WARN_UNGUARDED_AVAILABILITY = YES_AGGRESSIVE;
				CLANG_WARN_UNREACHABLE_CODE = YES;
				CLANG_WARN__DUPLICATE_METHOD_MATCH = YES;
				COPY_PHASE_STRIP = NO;
				DEBUG_INFORMATION_FORMAT = dwarf;
				ENABLE_STRICT_OBJC_MSGSEND = YES;
				ENABLE_TESTABILITY = YES;
				GCC_C_LANGUAGE_STANDARD = gnu11;
				GCC_DYNAMIC_NO_PIC = NO;
				GCC_NO_COMMON_BLOCKS = YES;
				GCC_OPTIMIZATION_LEVEL = 0;
				GCC_PREPROCESSOR_DEFINITIONS = (
					"DEBUG=1",
					"$(inherited)",
				);
				GCC_WARN_64_TO_32_BIT_CONVERSION = YES;
				GCC_WARN_ABOUT_RETURN_TYPE = YES_ERROR;
				GCC_WARN_UNDECLARED_SELECTOR = YES;
				GCC_WARN_UNINITIALIZED_AUTOS = YES_AGGRESSIVE;
				GCC_WARN_UNUSED_FUNCTION = YES;
				GCC_WARN_UNUSED_VARIABLE = YES;
				IPHONEOS_DEPLOYMENT_TARGET = 16.4;
				MTL_ENABLE_DEBUG_INFO = INCLUDE_SOURCE;
				MTL_FAST_MATH = YES;
				ONLY_ACTIVE_ARCH = YES;
				SDKROOT = iphoneos;
				SWIFT_ACTIVE_COMPILATION_CONDITIONS = DEBUG;
				SWIFT_OPTIMIZATION_LEVEL = "-Onone";
			};
			name = Debug;
		};
		4DD8CA9F2AAF2FD500CBC79F /* Release */ = {
			isa = XCBuildConfiguration;
			buildSettings = {
				ALWAYS_SEARCH_USER_PATHS = NO;
				CLANG_ANALYZER_NONNULL = YES;
				CLANG_ANALYZER_NUMBER_OBJECT_CONVERSION = YES_AGGRESSIVE;
				CLANG_CXX_LANGUAGE_STANDARD = "gnu++20";
				CLANG_ENABLE_MODULES = YES;
				CLANG_ENABLE_OBJC_ARC = YES;
				CLANG_ENABLE_OBJC_WEAK = YES;
				CLANG_WARN_BLOCK_CAPTURE_AUTORELEASING = YES;
				CLANG_WARN_BOOL_CONVERSION = YES;
				CLANG_WARN_COMMA = YES;
				CLANG_WARN_CONSTANT_CONVERSION = YES;
				CLANG_WARN_DEPRECATED_OBJC_IMPLEMENTATIONS = YES;
				CLANG_WARN_DIRECT_OBJC_ISA_USAGE = YES_ERROR;
				CLANG_WARN_DOCUMENTATION_COMMENTS = YES;
				CLANG_WARN_EMPTY_BODY = YES;
				CLANG_WARN_ENUM_CONVERSION = YES;
				CLANG_WARN_INFINITE_RECURSION = YES;
				CLANG_WARN_INT_CONVERSION = YES;
				CLANG_WARN_NON_LITERAL_NULL_CONVERSION = YES;
				CLANG_WARN_OBJC_IMPLICIT_RETAIN_SELF = YES;
				CLANG_WARN_OBJC_LITERAL_CONVERSION = YES;
				CLANG_WARN_OBJC_ROOT_CLASS = YES_ERROR;
				CLANG_WARN_QUOTED_INCLUDE_IN_FRAMEWORK_HEADER = YES;
				CLANG_WARN_RANGE_LOOP_ANALYSIS = YES;
				CLANG_WARN_STRICT_PROTOTYPES = YES;
				CLANG_WARN_SUSPICIOUS_MOVE = YES;
				CLANG_WARN_UNGUARDED_AVAILABILITY = YES_AGGRESSIVE;
				CLANG_WARN_UNREACHABLE_CODE = YES;
				CLANG_WARN__DUPLICATE_METHOD_MATCH = YES;
				COPY_PHASE_STRIP = NO;
				DEBUG_INFORMATION_FORMAT = "dwarf-with-dsym";
				ENABLE_NS_ASSERTIONS = NO;
				ENABLE_STRICT_OBJC_MSGSEND = YES;
				GCC_C_LANGUAGE_STANDARD = gnu11;
				GCC_NO_COMMON_BLOCKS = YES;
				GCC_WARN_64_TO_32_BIT_CONVERSION = YES;
				GCC_WARN_ABOUT_RETURN_TYPE = YES_ERROR;
				GCC_WARN_UNDECLARED_SELECTOR = YES;
				GCC_WARN_UNINITIALIZED_AUTOS = YES_AGGRESSIVE;
				GCC_WARN_UNUSED_FUNCTION = YES;
				GCC_WARN_UNUSED_VARIABLE = YES;
				IPHONEOS_DEPLOYMENT_TARGET = 16.4;
				MTL_ENABLE_DEBUG_INFO = NO;
				MTL_FAST_MATH = YES;
				SDKROOT = iphoneos;
				SWIFT_COMPILATION_MODE = wholemodule;
				SWIFT_OPTIMIZATION_LEVEL = "-O";
				VALIDATE_PRODUCT = YES;
			};
			name = Release;
		};
		4DD8CAA12AAF2FD500CBC79F /* Debug */ = {
			isa = XCBuildConfiguration;
			buildSettings = {
				ASSETCATALOG_COMPILER_APPICON_NAME = AppIcon;
				ASSETCATALOG_COMPILER_GLOBAL_ACCENT_COLOR_NAME = AccentColor;
				CODE_SIGN_STYLE = Automatic;
				CURRENT_PROJECT_VERSION = 1;
				DEVELOPMENT_ASSET_PATHS = "\"i09_enum_practice/Preview Content\"";
				ENABLE_PREVIEWS = YES;
				GENERATE_INFOPLIST_FILE = YES;
				INFOPLIST_KEY_UIApplicationSceneManifest_Generation = YES;
				INFOPLIST_KEY_UIApplicationSupportsIndirectInputEvents = YES;
				INFOPLIST_KEY_UILaunchScreen_Generation = YES;
				INFOPLIST_KEY_UISupportedInterfaceOrientations_iPad = "UIInterfaceOrientationPortrait UIInterfaceOrientationPortraitUpsideDown UIInterfaceOrientationLandscapeLeft UIInterfaceOrientationLandscapeRight";
				INFOPLIST_KEY_UISupportedInterfaceOrientations_iPhone = "UIInterfaceOrientationPortrait UIInterfaceOrientationLandscapeLeft UIInterfaceOrientationLandscapeRight";
				LD_RUNPATH_SEARCH_PATHS = (
					"$(inherited)",
					"@executable_path/Frameworks",
				);
				MARKETING_VERSION = 1.0;
				PRODUCT_BUNDLE_IDENTIFIER = "com.bestswlkh0310.i09-enum-practice";
				PRODUCT_NAME = "$(TARGET_NAME)";
				SWIFT_EMIT_LOC_STRINGS = YES;
				SWIFT_VERSION = 5.0;
				TARGETED_DEVICE_FAMILY = "1,2";
			};
			name = Debug;
		};
		4DD8CAA22AAF2FD500CBC79F /* Release */ = {
			isa = XCBuildConfiguration;
			buildSettings = {
				ASSETCATALOG_COMPILER_APPICON_NAME = AppIcon;
				ASSETCATALOG_COMPILER_GLOBAL_ACCENT_COLOR_NAME = AccentColor;
				CODE_SIGN_STYLE = Automatic;
				CURRENT_PROJECT_VERSION = 1;
				DEVELOPMENT_ASSET_PATHS = "\"i09_enum_practice/Preview Content\"";
				ENABLE_PREVIEWS = YES;
				GENERATE_INFOPLIST_FILE = YES;
				INFOPLIST_KEY_UIApplicationSceneManifest_Generation = YES;
				INFOPLIST_KEY_UIApplicationSupportsIndirectInputEvents = YES;
				INFOPLIST_KEY_UILaunchScreen_Generation = YES;
				INFOPLIST_KEY_UISupportedInterfaceOrientations_iPad = "UIInterfaceOrientationPortrait UIInterfaceOrientationPortraitUpsideDown UIInterfaceOrientationLandscapeLeft UIInterfaceOrientationLandscapeRight";
				INFOPLIST_KEY_UISupportedInterfaceOrientations_iPhone = "UIInterfaceOrientationPortrait UIInterfaceOrientationLandscapeLeft UIInterfaceOrientationLandscapeRight";
				LD_RUNPATH_SEARCH_PATHS = (
					"$(inherited)",
					"@executable_path/Frameworks",
				);
				MARKETING_VERSION = 1.0;
				PRODUCT_BUNDLE_IDENTIFIER = "com.bestswlkh0310.i09-enum-practice";
				PRODUCT_NAME = "$(TARGET_NAME)";
				SWIFT_EMIT_LOC_STRINGS = YES;
				SWIFT_VERSION = 5.0;
				TARGETED_DEVICE_FAMILY = "1,2";
			};
			name = Release;
		};
		4DD8CAA42AAF2FD500CBC79F /* Debug */ = {
			isa = XCBuildConfiguration;
			buildSettings = {
				ALWAYS_EMBED_SWIFT_STANDARD_LIBRARIES = YES;
				BUNDLE_LOADER = "$(TEST_HOST)";
				CODE_SIGN_STYLE = Automatic;
				CURRENT_PROJECT_VERSION = 1;
				GENERATE_INFOPLIST_FILE = YES;
				IPHONEOS_DEPLOYMENT_TARGET = 16.4;
				MARKETING_VERSION = 1.0;
				PRODUCT_BUNDLE_IDENTIFIER = "com.bestswlkh0310.i09-enum-practiceTests";
				PRODUCT_NAME = "$(TARGET_NAME)";
				SWIFT_EMIT_LOC_STRINGS = NO;
				SWIFT_VERSION = 5.0;
				TARGETED_DEVICE_FAMILY = "1,2";
				TEST_HOST = "$(BUILT_PRODUCTS_DIR)/i09_enum_practice.app/$(BUNDLE_EXECUTABLE_FOLDER_PATH)/i09_enum_practice";
			};
			name = Debug;
		};
		4DD8CAA52AAF2FD500CBC79F /* Release */ = {
			isa = XCBuildConfiguration;
			buildSettings = {
				ALWAYS_EMBED_SWIFT_STANDARD_LIBRARIES = YES;
				BUNDLE_LOADER = "$(TEST_HOST)";
				CODE_SIGN_STYLE = Automatic;
				CURRENT_PROJECT_VERSION = 1;
				GENERATE_INFOPLIST_FILE = YES;
				IPHONEOS_DEPLOYMENT_TARGET = 16.4;
				MARKETING_VERSION = 1.0;
				PRODUCT_BUNDLE_IDENTIFIER = "com.bestswlkh0310.i09-enum-practiceTests";
				PRODUCT_NAME = "$(TARGET_NAME)";
				SWIFT_EMIT_LOC_STRINGS = NO;
				SWIFT_VERSION = 5.0;
				TARGETED_DEVICE_FAMILY = "1,2";
				TEST_HOST = "$(BUILT_PRODUCTS_DIR)/i09_enum_practice.app/$(BUNDLE_EXECUTABLE_FOLDER_PATH)/i09_enum_practice";
			};
			name = Release;
		};
		4DD8CAA72AAF2FD500CBC79F /* Debug */ = {
			isa = XCBuildConfiguration;
			buildSettings = {
				ALWAYS_EMBED_SWIFT_STANDARD_LIBRARIES = YES;
				CODE_SIGN_STYLE = Automatic;
				CURRENT_PROJECT_VERSION = 1;
				GENERATE_INFOPLIST_FILE = YES;
				MARKETING_VERSION = 1.0;
				PRODUCT_BUNDLE_IDENTIFIER = "com.bestswlkh0310.i09-enum-practiceUITests";
				PRODUCT_NAME = "$(TARGET_NAME)";
				SWIFT_EMIT_LOC_STRINGS = NO;
				SWIFT_VERSION = 5.0;
				TARGETED_DEVICE_FAMILY = "1,2";
				TEST_TARGET_NAME = i09_enum_practice;
			};
			name = Debug;
		};
		4DD8CAA82AAF2FD500CBC79F /* Release */ = {
			isa = XCBuildConfiguration;
			buildSettings = {
				ALWAYS_EMBED_SWIFT_STANDARD_LIBRARIES = YES;
				CODE_SIGN_STYLE = Automatic;
				CURRENT_PROJECT_VERSION = 1;
				GENERATE_INFOPLIST_FILE = YES;
				MARKETING_VERSION = 1.0;
				PRODUCT_BUNDLE_IDENTIFIER = "com.bestswlkh0310.i09-enum-practiceUITests";
				PRODUCT_NAME = "$(TARGET_NAME)";
				SWIFT_EMIT_LOC_STRINGS = NO;
				SWIFT_VERSION = 5.0;
				TARGETED_DEVICE_FAMILY = "1,2";
				TEST_TARGET_NAME = i09_enum_practice;
			};
			name = Release;
		};
/* End XCBuildConfiguration section */

/* Begin XCConfigurationList section */
		4DD8CA772AAF2FD400CBC79F /* Build configuration list for PBXProject "i09_enum_practice" */ = {
			isa = XCConfigurationList;
			buildConfigurations = (
				4DD8CA9E2AAF2FD500CBC79F /* Debug */,
				4DD8CA9F2AAF2FD500CBC79F /* Release */,
			);
			defaultConfigurationIsVisible = 0;
			defaultConfigurationName = Release;
		};
		4DD8CAA02AAF2FD500CBC79F /* Build configuration list for PBXNativeTarget "i09_enum_practice" */ = {
			isa = XCConfigurationList;
			buildConfigurations = (
				4DD8CAA12AAF2FD500CBC79F /* Debug */,
				4DD8CAA22AAF2FD500CBC79F /* Release */,
			);
			defaultConfigurationIsVisible = 0;
			defaultConfigurationName = Release;
		};
		4DD8CAA32AAF2FD500CBC79F /* Build configuration list for PBXNativeTarget "i09_enum_practiceTests" */ = {
			isa = XCConfigurationList;
			buildConfigurations = (
				4DD8CAA42AAF2FD500CBC79F /* Debug */,
				4DD8CAA52AAF2FD500CBC79F /* Release */,
			);
			defaultConfigurationIsVisible = 0;
			defaultConfigurationName = Release;
		};
		4DD8CAA62AAF2FD500CBC79F /* Build configuration list for PBXNativeTarget "i09_enum_practiceUITests" */ = {
			isa = XCConfigurationList;
			buildConfigurations = (
				4DD8CAA72AAF2FD500CBC79F /* Debug */,
				4DD8CAA82AAF2FD500CBC79F /* Release */,
			);
			defaultConfigurationIsVisible = 0;
			defaultConfigurationName = Release;
		};
/* End XCConfigurationList section */
	};
	rootObject = 4DD8CA742AAF2FD400CBC79F /* Project object */;
}
