{
  "originHash" : "2a3ee6be2b94c0d024768cf78155dd18d619564ceefd8ef754a5b9a092768873",
  "pins" : [
    {
      "identity" : "swift-syntax",
      "kind" : "remoteSourceControl",
      "location" : "https://github.com/apple/swift-syntax.git",
      "state" : {
        "revision" : "64889f0c732f210a935a0ad7cda38f77f876262d",
        "version" : "509.1.1"
      }
    },
    {
      "identity" : "swiftbok",
      "kind" : "remoteSourceControl",
      "location" : "https://github.com/bestswlkh0310/SwiftBok",
      "state" : {
        "revision" : "266261801504e6f915e860de42166915460ca604",
        "version" : "1.2.0"
      }
    }
  ],
  "version" : 3
}
